
Microsoft Visual Studio Solution File, Format Version 12.00
# Visual Studio Version 17
VisualStudioVersion = 17.1.32319.34
MinimumVisualStudioVersion = 10.0.40219.1
Project("{9A19103F-16F7-4668-BE54-9A1E7A4F7556}") = "Salamandra", "Salamandra\Salamandra.csproj", "{9090B0B8-E301-4E6A-AF74-56468DD13A99}"
EndProject
Project("{9A19103F-16F7-4668-BE54-9A1E7A4F7556}") = "Salamandra.Engine", "Salamandra.Engine\Salamandra.Engine.csproj", "{EF6072DD-2FE3-4F6C-A04D-102D72AEA74D}"
EndProject
Project("{FAE04EC0-301F-11D3-BF4B-00C04F79EFBC}") = "Salamandra.Windows", "Salamandra.Windows\Salamandra.Windows.csproj", "{2CE9C544-DD72-44C2-BE9F-0E5A42EA96E6}"
EndProject
Global
	GlobalSection(SolutionConfigurationPlatforms) = preSolution
		Debug|Any CPU = Debug|Any CPU
		Release|Any CPU = Release|Any CPU
	EndGlobalSection
	GlobalSection(ProjectConfigurationPlatforms) = postSolution
		{9090B0B8-E301-4E6A-AF74-56468DD13A99}.Debug|Any CPU.ActiveCfg = Debug|Any CPU
		{9090B0B8-E301-4E6A-AF74-56468DD13A99}.Debug|Any CPU.Build.0 = Debug|Any CPU
		{9090B0B8-E301-4E6A-AF74-56468DD13A99}.Release|Any CPU.ActiveCfg = Release|Any CPU
		{9090B0B8-E301-4E6A-AF74-56468DD13A99}.Release|Any CPU.Build.0 = Release|Any CPU
		{EF6072DD-2FE3-4F6C-A04D-102D72AEA74D}.Debug|Any CPU.ActiveCfg = Debug|Any CPU
		{EF6072DD-2FE3-4F6C-A04D-102D72AEA74D}.Debug|Any CPU.Build.0 = Debug|Any CPU
		{EF6072DD-2FE3-4F6C-A04D-102D72AEA74D}.Release|Any CPU.ActiveCfg = Release|Any CPU
		{EF6072DD-2FE3-4F6C-A04D-102D72AEA74D}.Release|Any CPU.Build.0 = Release|Any CPU
		{2CE9C544-DD72-44C2-BE9F-0E5A42EA96E6}.Debug|Any CPU.ActiveCfg = Debug|Any CPU
		{2CE9C544-DD72-44C2-BE9F-0E5A42EA96E6}.Debug|Any CPU.Build.0 = Debug|Any CPU
		{2CE9C544-DD72-44C2-BE9F-0E5A42EA96E6}.Release|Any CPU.ActiveCfg = Release|Any CPU
		{2CE9C544-DD72-44C2-BE9F-0E5A42EA96E6}.Release|Any CPU.Build.0 = Release|Any CPU
	EndGlobalSection
	GlobalSection(SolutionProperties) = preSolution
		HideSolutionNode = FALSE
	EndGlobalSection
	GlobalSection(ExtensibilityGlobals) = postSolution
		SolutionGuid = {351A3F1A-22F8-41D6-9884-AB490C75C7DB}
	EndGlobalSection
EndGlobal
